{
  "name": "eTanod",
  "version": "0.0.1",
  "lockfileVersion": 1,
  "requires": true,
  "dependencies": {
    "@angular/common": {
      "version": "4.1.3",
      "resolved": "https://registry.npmjs.org/@angular/common/-/common-4.1.3.tgz",
      "integrity": "sha1-58R5HjITHPdMI5QowqZ9qrLu8Bc="
    },
    "@angular/compiler": {
      "version": "4.1.3",
      "resolved": "https://registry.npmjs.org/@angular/compiler/-/compiler-4.1.3.tgz",
      "integrity": "sha1-0t0whTsM9KVHWLSjFGMsIx+clMM="
    },
    "@angular/compiler-cli": {
      "version": "4.1.3",
      "resolved": "https://registry.npmjs.org/@angular/compiler-cli/-/compiler-cli-4.1.3.tgz",
      "integrity": "sha1-wjYv/fZXVkcUgfg5+rZ1vKwhP5Y="
    },
    "@angular/core": {
      "version": "10.2.5",
      "resolved": "https://registry.npmjs.org/@angular/core/-/core-10.2.5.tgz",
      "integrity": "sha512-krhOKNTj5XE92Rk9ASX5KmgTF72j7qT2PLVxrGEVjuUKjBY2XaK3TV0Kotq9zI3qa9WgeCrP/Njn6jlKQCCAEQ==",
      "requires": {
        "tslib": "^2.0.0"
      },
      "dependencies": {
        "tslib": {
          "version": "2.6.2",
          "resolved": "https://registry.npmjs.org/tslib/-/tslib-2.6.2.tgz",
          "integrity": "sha512-AEYxH93jGFPn/a2iVAwW87VuUIkR1FVUKB77NwMF7nBTDkDrrT/Hpt/IrCJ0QXhW27jTBDcf5ZY7w6RiqTMw2Q=="
        }
      }
    },
    "@angular/forms": {
      "version": "4.1.3",
      "resolved": "https://registry.npmjs.org/@angular/forms/-/forms-4.1.3.tgz",
      "integrity": "sha1-OAq0w6+ExdHXSMKn0EFRx9yOSYI="
    },
    "@angular/http": {
      "version": "4.1.3",
      "resolved": "https://registry.npmjs.org/@angular/http/-/http-4.1.3.tgz",
      "integrity": "sha1-650cMCoBcoFfmlczENm+C964Ra4="
    },
    "@angular/platform-browser": {
      "version": "4.1.3",
      "resolved": "https://registry.npmjs.org/@angular/platform-browser/-/platform-browser-4.1.3.tgz",
      "integrity": "sha1-T6HbURndF4sxXdrlsym+4akypb0="
    },
    "@angular/platform-browser-dynamic": {
      "version": "4.1.3",
      "resolved": "https://registry.npmjs.org/@angular/platform-browser-dynamic/-/platform-browser-dynamic-4.1.3.tgz",
      "integrity": "sha1-PBP9z1kdSH9u/cHUaRPygMbYwuw="
    },
    "@ionic-native/core": {
      "version": "3.12.1",
      "resolved": "https://registry.npmjs.org/@ionic-native/core/-/core-3.12.1.tgz",
      "integrity": "sha512-cncRlkun1lwJ0kZUs7jrDbmHDvHNdveJhdsgJT7nGLavbK54UN3CdBjMcAk7zNOqlil6nXY8Nn/2B6WpUmQRNg=="
    },
    "@ionic-native/facebook": {
      "version": "4.1.0",
      "resolved": "https://registry.npmjs.org/@ionic-native/facebook/-/facebook-4.1.0.tgz",
      "integrity": "sha1-vTOZP7kYCUka8aGuopnmjmK02JA="
    },
    "@ionic-native/splash-screen": {
      "version": "3.12.1",
      "resolved": "https://registry.npmjs.org/@ionic-native/splash-screen/-/splash-screen-3.12.1.tgz",
      "integrity": "sha512-OVYRARVf7KB8lWBthIj6HOIcfNam2OhpdKXDOo0JyOEXLDMlxrxOOlC3szTUTrA4Lu6rseDenqPvbyoS/cW+FA=="
    },
    "@ionic-native/status-bar": {
      "version": "3.12.1",
      "resolved": "https://registry.npmjs.org/@ionic-native/status-bar/-/status-bar-3.12.1.tgz",
      "integrity": "sha512-2kpSR/+Hma5tpYni0m5X+DbU4yalkIKlW8qfhnfdMuw5a6qKCoqE0UNxnJ3RxVh3OjCCYy0c99gEFMVIG2oezg=="
    },
    "@ionic/app-scripts": {
      "version": "2.0.2",
      "resolved": "https://registry.npmjs.org/@ionic/app-scripts/-/app-scripts-2.0.2.tgz",
      "integrity": "sha512-zJdJIblfE5KQMZ+LNAe0GWLkxqzORJBIT2Yd1bdQQV0553uGxGUAfUJF/gQBxKOjhh/8FMNpsxHbdWrxOfp6EQ==",
      "dev": true
    },
    "@ionic/cli-plugin-cordova": {
      "version": "1.4.1",
      "resolved": "https://registry.npmjs.org/@ionic/cli-plugin-cordova/-/cli-plugin-cordova-1.4.1.tgz",
      "integrity": "sha512-riH3qc11S1Q1OsQgawTYG8KAVZ6Mls9cS1pAcmYGFfV59vdoWHzUpVFuEtHLrfrcGzW31uLErAHjKQN1+w6t6g==",
      "dev": true,
      "dependencies": {
        "chalk": {
          "version": "2.0.1",
          "resolved": "https://registry.npmjs.org/chalk/-/chalk-2.0.1.tgz",
          "integrity": "sha512-Mp+FXEI+FrwY/XYV45b2YD3E8i3HwnEAoFcM0qlZzq/RZ9RwWitt2Y/c7cqRAz70U7hfekqx6qNYthuKFO6K0g=="
        }
      }
    },
    "@ionic/cli-plugin-ionic-angular": {
      "version": "1.3.2",
      "resolved": "https://registry.npmjs.org/@ionic/cli-plugin-ionic-angular/-/cli-plugin-ionic-angular-1.3.2.tgz",
      "integrity": "sha512-U0uIrh32MXXzvqraeE82Obc54e7uv3Crd0NcG/IOvnpL2vtG9idPEK+ApItYjdZG63RTs//mKdRcz1wga6y+dA==",
      "dev": true,
      "dependencies": {
        "chalk": {
          "version": "2.0.1",
          "resolved": "https://registry.npmjs.org/chalk/-/chalk-2.0.1.tgz",
          "integrity": "sha512-Mp+FXEI+FrwY/XYV45b2YD3E8i3HwnEAoFcM0qlZzq/RZ9RwWitt2Y/c7cqRAz70U7hfekqx6qNYthuKFO6K0g=="
        }
      }
    },
    "@ionic/storage": {
      "version": "2.0.1",
      "resolved": "https://registry.npmjs.org/@ionic/storage/-/storage-2.0.1.tgz",
      "integrity": "sha1-uxqMJ2AH0AjXrN2kJrVgZbD9PAs="
    },
    "angularfire2": {
      "version": "4.0.0-rc.1",
      "resolved": "https://registry.npmjs.org/angularfire2/-/angularfire2-4.0.0-rc.1.tgz",
      "integrity": "sha1-1zAUrFQxwEWO6VMhT3mVOgZSjD8="
    },
    "cordova-android": {
      "version": "6.2.3",
      "resolved": "https://registry.npmjs.org/cordova-android/-/cordova-android-6.2.3.tgz",
      "integrity": "sha1-JJ8hts5fHxyEenq4OxaQnb7Vqig=",
      "dependencies": {
        "abbrev": {
          "version": "1.1.0",
          "bundled": true
        },
        "ansi": {
          "version": "0.3.1",
          "bundled": true
        },
        "balanced-match": {
          "version": "0.4.2",
          "bundled": true
        },
        "base64-js": {
          "version": "0.0.8",
          "bundled": true
        },
        "big-integer": {
          "version": "1.6.22",
          "bundled": true
        },
        "bplist-parser": {
          "version": "0.1.1",
          "bundled": true
        },
        "brace-expansion": {
          "version": "1.1.7",
          "bundled": true
        },
        "concat-map": {
          "version": "0.0.1",
          "bundled": true
        },
        "cordova-common": {
          "version": "2.0.2",
          "bundled": true
        },
        "cordova-registry-mapper": {
          "version": "1.1.15",
          "bundled": true
        },
        "elementtree": {
          "version": "0.1.6",
          "bundled": true
        },
        "glob": {
          "version": "5.0.15",
          "bundled": true
        },
        "inflight": {
          "version": "1.0.6",
          "bundled": true
        },
        "inherits": {
          "version": "2.0.3",
          "bundled": true
        },
        "lodash": {
          "version": "3.10.1",
          "bundled": true
        },
        "minimatch": {
          "version": "3.0.3",
          "bundled": true
        },
        "nopt": {
          "version": "3.0.6",
          "bundled": true
        },
        "once": {
          "version": "1.4.0",
          "bundled": true
        },
        "os-homedir": {
          "version": "1.0.2",
          "bundled": true
        },
        "os-tmpdir": {
          "version": "1.0.2",
          "bundled": true
        },
        "osenv": {
          "version": "0.1.4",
          "bundled": true
        },
        "path-is-absolute": {
          "version": "1.0.1",
          "bundled": true
        },
        "plist": {
          "version": "1.2.0",
          "bundled": true
        },
        "properties-parser": {
          "version": "0.2.3",
          "bundled": true
        },
        "q": {
          "version": "1.5.0",
          "bundled": true
        },
        "sax": {
          "version": "0.3.5",
          "bundled": true
        },
        "semver": {
          "version": "5.3.0",
          "bundled": true
        },
        "shelljs": {
          "version": "0.5.3",
          "bundled": true
        },
        "underscore": {
          "version": "1.8.3",
          "bundled": true
        },
        "unorm": {
          "version": "1.4.1",
          "bundled": true
        },
        "util-deprecate": {
          "version": "1.0.2",
          "bundled": true
        },
        "wrappy": {
          "version": "1.0.2",
          "bundled": true
        },
        "xmlbuilder": {
          "version": "4.0.0",
          "bundled": true
        },
        "xmldom": {
          "version": "0.1.27",
          "bundled": true
        }
      }
    },
    "cordova-plugin-console": {
      "version": "1.0.5",
      "resolved": "https://registry.npmjs.org/cordova-plugin-console/-/cordova-plugin-console-1.0.5.tgz",
      "integrity": "sha1-8OKa7pwDyrnp2IOwHRnyLd1chXA="
    },
    "cordova-plugin-device": {
      "version": "1.1.4",
      "resolved": "https://registry.npmjs.org/cordova-plugin-device/-/cordova-plugin-device-1.1.4.tgz",
      "integrity": "sha1-1f50cSBp0D9tOG7wvTIbOr0NONw="
    },
    "cordova-plugin-facebook4": {
      "version": "1.9.1",
      "resolved": "https://registry.npmjs.org/cordova-plugin-facebook4/-/cordova-plugin-facebook4-1.9.1.tgz",
      "integrity": "sha512-B45qw+Z+GT2iIQWeF8M9EvmAzoi6Akems0FHq/dum9gRfl0uekgdaFTKiPZNgP1Q8BsC8xJU+VkhtRxsiT9gTw=="
    },
    "cordova-plugin-splashscreen": {
      "version": "4.0.3",
      "resolved": "https://registry.npmjs.org/cordova-plugin-splashscreen/-/cordova-plugin-splashscreen-4.0.3.tgz",
      "integrity": "sha1-dzzRNjwfO6y5kBZj6eN5PdPgoZ0="
    },
    "cordova-plugin-statusbar": {
      "version": "2.2.2",
      "resolved": "https://registry.npmjs.org/cordova-plugin-statusbar/-/cordova-plugin-statusbar-2.2.2.tgz",
      "integrity": "sha1-nFM0JqKb0ojnOx86iXLuFkRQ+2s="
    },
    "cordova-plugin-whitelist": {
      "version": "1.3.1",
      "resolved": "https://registry.npmjs.org/cordova-plugin-whitelist/-/cordova-plugin-whitelist-1.3.1.tgz",
      "integrity": "sha1-n9Hbf9bJVpUdNHcc3Nl/Zs7VFt8="
    },
    "firebase": {
      "version": "4.1.3",
      "resolved": "https://registry.npmjs.org/firebase/-/firebase-4.1.3.tgz",
      "integrity": "sha1-5dcyc2bIVNwSRhYzuov+6i9cc1g=",
      "dependencies": {
        "base64url": {
          "version": "2.0.0",
          "resolved": "https://registry.npmjs.org/base64url/-/base64url-2.0.0.tgz",
          "integrity": "sha1-6sFuA+oUOO/5Qj1puqNiYu0fcLs="
        },
        "buffer-equal-constant-time": {
          "version": "1.0.1",
          "resolved": "https://registry.npmjs.org/buffer-equal-constant-time/-/buffer-equal-constant-time-1.0.1.tgz",
          "integrity": "sha1-+OcRMvf/5uAaXJaXpMbz5I1cyBk="
        },
        "dom-storage": {
          "version": "2.0.2",
          "resolved": "https://registry.npmjs.org/dom-storage/-/dom-storage-2.0.2.tgz",
          "integrity": "sha1-7RfL9oq9EOCu+BgnE+KXxeS1ALA="
        },
        "ecdsa-sig-formatter": {
          "version": "1.0.9",
          "resolved": "https://registry.npmjs.org/ecdsa-sig-formatter/-/ecdsa-sig-formatter-1.0.9.tgz",
          "integrity": "sha1-S8kmJ07Dtau1AW5+HWCSGsJisqE="
        },
        "faye-websocket": {
          "version": "0.9.3",
          "resolved": "https://registry.npmjs.org/faye-websocket/-/faye-websocket-0.9.3.tgz",
          "integrity": "sha1-SCpQWw3wrmJrlphm0710DNuWLoM="
        },
        "hoek": {
          "version": "2.16.3",
          "resolved": "https://registry.npmjs.org/hoek/-/hoek-2.16.3.tgz",
          "integrity": "sha1-ILt0A9POo5jpHcRxCo/xuCdKJe0="
        },
        "isemail": {
          "version": "1.2.0",
          "resolved": "https://registry.npmjs.org/isemail/-/isemail-1.2.0.tgz",
          "integrity": "sha1-vgPfjMPineTSxd9lASY/H6RZXpo="
        },
        "joi": {
          "version": "6.10.1",
          "resolved": "https://registry.npmjs.org/joi/-/joi-6.10.1.tgz",
          "integrity": "sha1-TVDDGAeRIgAP5fFq8f+OGRe3fgY="
        },
        "jsonwebtoken": {
          "version": "7.4.1",
          "resolved": "https://registry.npmjs.org/jsonwebtoken/-/jsonwebtoken-7.4.1.tgz",
          "integrity": "sha1-fKMk9SFfi+A5zTWmxFu4y3SkSPs="
        },
        "jwa": {
          "version": "1.1.5",
          "resolved": "https://registry.npmjs.org/jwa/-/jwa-1.1.5.tgz",
          "integrity": "sha1-oFUs4CIHQs1S4VN3SjKQXDDnVuU="
        },
        "jws": {
          "version": "3.1.4",
          "resolved": "https://registry.npmjs.org/jws/-/jws-3.1.4.tgz",
          "integrity": "sha1-+ei5M46KhHJ31kRLFGT2GIDgUKI="
        },
        "lodash.once": {
          "version": "4.1.1",
          "resolved": "https://registry.npmjs.org/lodash.once/-/lodash.once-4.1.1.tgz",
          "integrity": "sha1-DdOXEhPHxW34gJd9UEyI+0cal6w="
        },
        "moment": {
          "version": "2.18.1",
          "resolved": "https://registry.npmjs.org/moment/-/moment-2.18.1.tgz",
          "integrity": "sha1-w2GT3Tzhwu7SrbfIAtu8d6gbHA8="
        },
        "ms": {
          "version": "2.0.0",
          "resolved": "https://registry.npmjs.org/ms/-/ms-2.0.0.tgz",
          "integrity": "sha1-VgiurfwAvmwpAd9fmGF4jeDVl8g="
        },
        "promise-polyfill": {
          "version": "6.0.2",
          "resolved": "https://registry.npmjs.org/promise-polyfill/-/promise-polyfill-6.0.2.tgz",
          "integrity": "sha1-2chtPcTcLfkBboiUbe/Wm0m0EWI="
        },
        "safe-buffer": {
          "version": "5.1.0",
          "resolved": "https://registry.npmjs.org/safe-buffer/-/safe-buffer-5.1.0.tgz",
          "integrity": "sha512-aSLEDudu6OoRr/2rU609gRmnYboRLxgDG1z9o2Q0os7236FwvcqIOO8r8U5JUEwivZOhDaKlFO4SbPTJYyBEyQ=="
        },
        "topo": {
          "version": "1.1.0",
          "resolved": "https://registry.npmjs.org/topo/-/topo-1.1.0.tgz",
          "integrity": "sha1-6ddRYV0buH3IZdsYL6HKCl71NtU="
        },
        "websocket-driver": {
          "version": "0.6.5",
          "resolved": "https://registry.npmjs.org/websocket-driver/-/websocket-driver-0.6.5.tgz",
          "integrity": "sha1-XLJVbOuF9Dc8bYI4qmkchFThOjY="
        },
        "websocket-extensions": {
          "version": "0.1.1",
          "resolved": "https://registry.npmjs.org/websocket-extensions/-/websocket-extensions-0.1.1.tgz",
          "integrity": "sha1-domUmcGEtu91Q3fC27DNbLVdKec="
        },
        "xmlhttprequest": {
          "version": "1.8.0",
          "resolved": "https://registry.npmjs.org/xmlhttprequest/-/xmlhttprequest-1.8.0.tgz",
          "integrity": "sha1-Z/4HXFwk/vOfnWX197f+dRcZaPw="
        },
        "xtend": {
          "version": "4.0.1",
          "resolved": "https://registry.npmjs.org/xtend/-/xtend-4.0.1.tgz",
          "integrity": "sha1-pcbVMr5lbiPbgg77lDofBJmNY68="
        }
      }
    },
    "ionic-angular": {
      "version": "3.5.3",
      "resolved": "https://registry.npmjs.org/ionic-angular/-/ionic-angular-3.5.3.tgz",
      "integrity": "sha512-bURfGz0GKsmSxGGDw8LXMkz/Yt572yBTF2VMh/JLJANfiicZzMoxdDkPt0H6erHM7QpHYajsG6AP0sTV4PvjYQ=="
    },
    "ionic-plugin-keyboard": {
      "version": "2.2.1",
      "resolved": "https://registry.npmjs.org/ionic-plugin-keyboard/-/ionic-plugin-keyboard-2.2.1.tgz",
      "integrity": "sha1-8qnhabvptVIkADR8n9bTRn7j+hI="
    },
    "ionicons": {
      "version": "3.0.0",
      "resolved": "https://registry.npmjs.org/ionicons/-/ionicons-3.0.0.tgz",
      "integrity": "sha1-QLja9P16MRUL0AIWD2ZJbiKpjDw="
    },
    "rxjs": {
      "version": "5.4.0",
      "resolved": "https://registry.npmjs.org/rxjs/-/rxjs-5.4.0.tgz",
      "integrity": "sha1-p9sUqxV/nXqsalbmVeejhg05vyY="
    },
    "sw-toolbox": {
      "version": "3.6.0",
      "resolved": "https://registry.npmjs.org/sw-toolbox/-/sw-toolbox-3.6.0.tgz",
      "integrity": "sha1-Jt8dHHA0hljk3qKIQxkUm3sxg7U="
    },
    "typescript": {
      "version": "2.3.4",
      "resolved": "https://registry.npmjs.org/typescript/-/typescript-2.3.4.tgz",
      "integrity": "sha1-PTgyGCgjHkNPKHUUlZw3qCtin0I=",
      "dev": true
    },
    "zone.js": {
      "version": "0.8.12",
      "resolved": "https://registry.npmjs.org/zone.js/-/zone.js-0.8.12.tgz",
      "integrity": "sha1-hv9QU8mK7CkaC/S7rFAdaUoFz7s="
    }
  }
}
